{
  "originHash" : "bfc0c9e57288a4b2aeaec7dea077bcbcfbc0d8687d1e5e0cdcb42ed24b33f2f6",
  "pins" : [
    {
      "identity" : "ios-places-sdk",
      "kind" : "remoteSourceControl",
      "location" : "https://github.com/googlemaps/ios-places-sdk",
      "state" : {
        "revision" : "987497b1eb8a7bbce8cb1d86b2c7cd64d0302452",
        "version" : "10.1.0"
      }
    }
  ],
  "version" : 3
}
