{
  "originHash" : "0d72d5b50ff5621805a79121766b791e83848f791bccc745a44c403d76f03e86",
  "pins" : [
    {
      "identity" : "ios-places-sdk",
      "kind" : "remoteSourceControl",
      "location" : "https://github.com/googlemaps/ios-places-sdk",
      "state" : {
        "revision" : "f18c63a43ed8399a81e539525983377d63b7b003",
        "version" : "9.4.1"
      }
    }
  ],
  "version" : 3
}
